// !$*UTF8*$!
{
	archiveVersion = 1;
	classes = {
	};
	objectVersion = 48;
	objects = {

/* Begin PBXBuildFile section */
		5BC909E8204B39E800B6742A /* AppDelegate.swift in Sources */ = {isa = PBXBuildFile; fileRef = 5BC909E7204B39E800B6742A /* AppDelegate.swift */; };
		5BC909EA204B39E800B6742A /* ViewController.swift in Sources */ = {isa = PBXBuildFile; fileRef = 5BC909E9204B39E800B6742A /* ViewController.swift */; };
		5BC909ED204B39E800B6742A /* Main.storyboard in Resources */ = {isa = PBXBuildFile; fileRef = 5BC909EB204B39E800B6742A /* Main.storyboard */; };
		5BC909EF204B39E800B6742A /* Assets.xcassets in Resources */ = {isa = PBXBuildFile; fileRef = 5BC909EE204B39E800B6742A /* Assets.xcassets */; };
		5BC909F2204B39E800B6742A /* LaunchScreen.storyboard in Resources */ = {isa = PBXBuildFile; fileRef = 5BC909F0204B39E800B6742A /* LaunchScreen.storyboard */; };
		5BC909FA204B3B9800B6742A /* credentials.plist in Resources */ = {isa = PBXBuildFile; fileRef = 5BC909F9204B3B9800B6742A /* credentials.plist */; };
		5BC909FB204B3BF000B6742A /* Pods_SignIn.framework in Frameworks */ = {isa = PBXBuildFile; fileRef = 342BB313357CC949B9018729 /* Pods_SignIn.framework */; };
/* End PBXBuildFile section */

/* Begin PBXFileReference section */
		30B2B5C26EEE1BAC952C33DD /* Pods-SignIn.release.xcconfig */ = {isa = PBXFileReference; includeInIndex = 1; lastKnownFileType = text.xcconfig; name = "Pods-SignIn.release.xcconfig"; path = "Pods/Target Support Files/Pods-SignIn/Pods-SignIn.release.xcconfig"; sourceTree = "<group>"; };
		342BB313357CC949B9018729 /* Pods_SignIn.framework */ = {isa = PBXFileReference; explicitFileType = wrapper.framework; includeInIndex = 0; path = Pods_SignIn.framework; sourceTree = BUILT_PRODUCTS_DIR; };
		5BC909E4204B39E800B6742A /* SignIn.app */ = {isa = PBXFileReference; explicitFileType = wrapper.application; includeInIndex = 0; path = SignIn.app; sourceTree = BUILT_PRODUCTS_DIR; };
		5BC909E7204B39E800B6742A /* AppDelegate.swift */ = {isa = PBXFileReference; lastKnownFileType = sourcecode.swift; path = AppDelegate.swift; sourceTree = "<group>"; };
		5BC909E9204B39E800B6742A /* ViewController.swift */ = {isa = PBXFileReference; lastKnownFileType = sourcecode.swift; path = ViewController.swift; sourceTree = "<group>"; };
		5BC909EC204B39E800B6742A /* Base */ = {isa = PBXFileReference; lastKnownFileType = file.storyboard; name = Base; path = Base.lproj/Main.storyboard; sourceTree = "<group>"; };
		5BC909EE204B39E800B6742A /* Assets.xcassets */ = {isa = PBXFileReference; lastKnownFileType = folder.assetcatalog; path = Assets.xcassets; sourceTree = "<group>"; };
		5BC909F1204B39E800B6742A /* Base */ = {isa = PBXFileReference; lastKnownFileType = file.storyboard; name = Base; path = Base.lproj/LaunchScreen.storyboard; sourceTree = "<group>"; };
		5BC909F3204B39E800B6742A /* Info.plist */ = {isa = PBXFileReference; lastKnownFileType = text.plist.xml; path = Info.plist; sourceTree = "<group>"; };
		5BC909F9204B3B9800B6742A /* credentials.plist */ = {isa = PBXFileReference; fileEncoding = 4; lastKnownFileType = text.plist.xml; path = credentials.plist; sourceTree = "<group>"; };
		D415E5B01AFB506829E2DD41 /* Pods-SignIn.debug.xcconfig */ = {isa = PBXFileReference; includeInIndex = 1; lastKnownFileType = text.xcconfig; name = "Pods-SignIn.debug.xcconfig"; path = "Pods/Target Support Files/Pods-SignIn/Pods-SignIn.debug.xcconfig"; sourceTree = "<group>"; };
/* End PBXFileReference section */

/* Begin PBXFrameworksBuildPhase section */
		5BC909E1204B39E800B6742A /* Frameworks */ = {
			isa = PBXFrameworksBuildPhase;
			buildActionMask = 2147483647;
			files = (
				5BC909FB204B3BF000B6742A /* Pods_SignIn.framework in Frameworks */,
			);
			runOnlyForDeploymentPostprocessing = 0;
		};
/* End PBXFrameworksBuildPhase section */

/* Begin PBXGroup section */
		5060D169E1F63A17B85429E7 /* Frameworks */ = {
			isa = PBXGroup;
			children = (
				342BB313357CC949B9018729 /* Pods_SignIn.framework */,
			);
			name = Frameworks;
			sourceTree = "<group>";
		};
		5BC909DB204B39E800B6742A = {
			isa = PBXGroup;
			children = (
				5BC909E6204B39E800B6742A /* SignIn */,
				5BC909E5204B39E800B6742A /* Products */,
				E140C0E872D0CE027237F21B /* Pods */,
				5060D169E1F63A17B85429E7 /* Frameworks */,
			);
			sourceTree = "<group>";
		};
		5BC909E5204B39E800B6742A /* Products */ = {
			isa = PBXGroup;
			children = (
				5BC909E4204B39E800B6742A /* SignIn.app */,
			);
			name = Products;
			sourceTree = "<group>";
		};
		5BC909E6204B39E800B6742A /* SignIn */ = {
			isa = PBXGroup;
			children = (
				5BC909E7204B39E800B6742A /* AppDelegate.swift */,
				5BC909E9204B39E800B6742A /* ViewController.swift */,
				5BC909EB204B39E800B6742A /* Main.storyboard */,
				5BC909EE204B39E800B6742A /* Assets.xcassets */,
				5BC909F0204B39E800B6742A /* LaunchScreen.storyboard */,
				5BC909F3204B39E800B6742A /* Info.plist */,
				5BC909F9204B3B9800B6742A /* credentials.plist */,
			);
			path = SignIn;
			sourceTree = "<group>";
		};
		E140C0E872D0CE027237F21B /* Pods */ = {
			isa = PBXGroup;
			children = (
				D415E5B01AFB506829E2DD41 /* Pods-SignIn.debug.xcconfig */,
				30B2B5C26EEE1BAC952C33DD /* Pods-SignIn.release.xcconfig */,
			);
			name = Pods;
			sourceTree = "<group>";
		};
/* End PBXGroup section */

/* Begin PBXNativeTarget section */
		5BC909E3204B39E800B6742A /* SignIn */ = {
			isa = PBXNativeTarget;
			buildConfigurationList = 5BC909F6204B39E800B6742A /* Build configuration list for PBXNativeTarget "SignIn" */;
			buildPhases = (
				D60300EF243ED96CE76C823C /* [CP] Check Pods Manifest.lock */,
				5BC909E0204B39E800B6742A /* Sources */,
				5BC909E1204B39E800B6742A /* Frameworks */,
				5BC909E2204B39E800B6742A /* Resources */,
				26DA59BBD62ECED450028FDB /* [CP] Embed Pods Frameworks */,
				7CC3CD58D2C8446C981ECDC7 /* [CP] Copy Pods Resources */,
			);
			buildRules = (
			);
			dependencies = (
			);
			name = SignIn;
			productName = SignIn;
			productReference = 5BC909E4204B39E800B6742A /* SignIn.app */;
			productType = "com.apple.product-type.application";
		};
/* End PBXNativeTarget section */

/* Begin PBXProject section */
		5BC909DC204B39E800B6742A /* Project object */ = {
			isa = PBXProject;
			attributes = {
				LastSwiftUpdateCheck = 0920;
				LastUpgradeCheck = 0920;
				ORGANIZATIONNAME = "Kateryna Zakharchuk";
				TargetAttributes = {
					5BC909E3204B39E800B6742A = {
						CreatedOnToolsVersion = 9.2;
						ProvisioningStyle = Automatic;
					};
				};
			};
			buildConfigurationList = 5BC909DF204B39E800B6742A /* Build configuration list for PBXProject "SignIn" */;
			compatibilityVersion = "Xcode 8.0";
			developmentRegion = en;
			hasScannedForEncodings = 0;
			knownRegions = (
				en,
				Base,
			);
			mainGroup = 5BC909DB204B39E800B6742A;
			productRefGroup = 5BC909E5204B39E800B6742A /* Products */;
			projectDirPath = "";
			projectRoot = "";
			targets = (
				5BC909E3204B39E800B6742A /* SignIn */,
			);
		};
/* End PBXProject section */

/* Begin PBXResourcesBuildPhase section */
		5BC909E2204B39E800B6742A /* Resources */ = {
			isa = PBXResourcesBuildPhase;
			buildActionMask = 2147483647;
			files = (
				5BC909F2204B39E800B6742A /* LaunchScreen.storyboard in Resources */,
				5BC909FA204B3B9800B6742A /* credentials.plist in Resources */,
				5BC909EF204B39E800B6742A /* Assets.xcassets in Resources */,
				5BC909ED204B39E800B6742A /* Main.storyboard in Resources */,
			);
			runOnlyForDeploymentPostprocessing = 0;
		};
/* End PBXResourcesBuildPhase section */

/* Begin PBXShellScriptBuildPhase section */
		26DA59BBD62ECED450028FDB /* [CP] Embed Pods Frameworks */ = {
			isa = PBXShellScriptBuildPhase;
			buildActionMask = 2147483647;
			files = (
			);
			inputPaths = (
				"${SRCROOT}/Pods/Target Support Files/Pods-SignIn/Pods-SignIn-frameworks.sh",
				"${BUILT_PRODUCTS_DIR}/Alamofire/Alamofire.framework",
				"${BUILT_PRODUCTS_DIR}/GTMOAuth2/GTMOAuth2.framework",
				"${BUILT_PRODUCTS_DIR}/GTMSessionFetcher/GTMSessionFetcher.framework",
				"${BUILT_PRODUCTS_DIR}/GoogleToolboxForMac/GoogleToolboxForMac.framework",
			);
			name = "[CP] Embed Pods Frameworks";
			outputPaths = (
				"${TARGET_BUILD_DIR}/${FRAMEWORKS_FOLDER_PATH}/Alamofire.framework",
				"${TARGET_BUILD_DIR}/${FRAMEWORKS_FOLDER_PATH}/GTMOAuth2.framework",
				"${TARGET_BUILD_DIR}/${FRAMEWORKS_FOLDER_PATH}/GTMSessionFetcher.framework",
				"${TARGET_BUILD_DIR}/${FRAMEWORKS_FOLDER_PATH}/GoogleToolboxForMac.framework",
			);
			runOnlyForDeploymentPostprocessing = 0;
			shellPath = /bin/sh;
			shellScript = "\"${SRCROOT}/Pods/Target Support Files/Pods-SignIn/Pods-SignIn-frameworks.sh\"\n";
			showEnvVarsInLog = 0;
		};
		7CC3CD58D2C8446C981ECDC7 /* [CP] Copy Pods Resources */ = {
			isa = PBXShellScriptBuildPhase;
			buildActionMask = 2147483647;
			files = (
			);
			inputPaths = (
				"${SRCROOT}/Pods/Target Support Files/Pods-SignIn/Pods-SignIn-resources.sh",
				"${PODS_ROOT}/GoogleSignIn/Resources/GoogleSignIn.bundle",
			);
			name = "[CP] Copy Pods Resources";
			outputPaths = (
				"${TARGET_BUILD_DIR}/${UNLOCALIZED_RESOURCES_FOLDER_PATH}/GoogleSignIn.bundle",
			);
			runOnlyForDeploymentPostprocessing = 0;
			shellPath = /bin/sh;
			shellScript = "\"${SRCROOT}/Pods/Target Support Files/Pods-SignIn/Pods-SignIn-resources.sh\"\n";
			showEnvVarsInLog = 0;
		};
		D60300EF243ED96CE76C823C /* [CP] Check Pods Manifest.lock */ = {
			isa = PBXShellScriptBuildPhase;
			buildActionMask = 2147483647;
			files = (
			);
			inputPaths = (
				"${PODS_PODFILE_DIR_PATH}/Podfile.lock",
				"${PODS_ROOT}/Manifest.lock",
			);
			name = "[CP] Check Pods Manifest.lock";
			outputPaths = (
				"$(DERIVED_FILE_DIR)/Pods-SignIn-checkManifestLockResult.txt",
			);
			runOnlyForDeploymentPostprocessing = 0;
			shellPath = /bin/sh;
			shellScript = "diff \"${PODS_PODFILE_DIR_PATH}/Podfile.lock\" \"${PODS_ROOT}/Manifest.lock\" > /dev/null\nif [ $? != 0 ] ; then\n    # print error to STDERR\n    echo \"error: The sandbox is not in sync with the Podfile.lock. Run 'pod install' or update your CocoaPods installation.\" >&2\n    exit 1\nfi\n# This output is used by Xcode 'outputs' to avoid re-running this script phase.\necho \"SUCCESS\" > \"${SCRIPT_OUTPUT_FILE_0}\"\n";
			showEnvVarsInLog = 0;
		};
/* End PBXShellScriptBuildPhase section */

/* Begin PBXSourcesBuildPhase section */
		5BC909E0204B39E800B6742A /* Sources */ = {
			isa = PBXSourcesBuildPhase;
			buildActionMask = 2147483647;
			files = (
				5BC909EA204B39E800B6742A /* ViewController.swift in Sources */,
				5BC909E8204B39E800B6742A /* AppDelegate.swift in Sources */,
			);
			runOnlyForDeploymentPostprocessing = 0;
		};
/* End PBXSourcesBuildPhase section */

/* Begin PBXVariantGroup section */
		5BC909EB204B39E800B6742A /* Main.storyboard */ = {
			isa = PBXVariantGroup;
			children = (
				5BC909EC204B39E800B6742A /* Base */,
			);
			name = Main.storyboard;
			sourceTree = "<group>";
		};
		5BC909F0204B39E800B6742A /* LaunchScreen.storyboard */ = {
			isa = PBXVariantGroup;
			children = (
				5BC909F1204B39E800B6742A /* Base */,
			);
			name = LaunchScreen.storyboard;
			sourceTree = "<group>";
		};
/* End PBXVariantGroup section */

/* Begin XCBuildConfiguration section */
		5BC909F4204B39E800B6742A /* Debug */ = {
			isa = XCBuildConfiguration;
			buildSettings = {
				ALWAYS_SEARCH_USER_PATHS = NO;
				CLANG_ANALYZER_NONNULL = YES;
				CLANG_ANALYZER_NUMBER_OBJECT_CONVERSION = YES_AGGRESSIVE;
				CLANG_CXX_LANGUAGE_STANDARD = "gnu++14";
				CLANG_CXX_LIBRARY = "libc++";
				CLANG_ENABLE_MODULES = YES;
				CLANG_ENABLE_OBJC_ARC = YES;
				CLANG_WARN_BLOCK_CAPTURE_AUTORELEASING = YES;
				CLANG_WARN_BOOL_CONVERSION = YES;
				CLANG_WARN_COMMA = YES;
				CLANG_WARN_CONSTANT_CONVERSION = YES;
				CLANG_WARN_DIRECT_OBJC_ISA_USAGE = YES_ERROR;
				CLANG_WARN_DOCUMENTATION_COMMENTS = YES;
				CLANG_WARN_EMPTY_BODY = YES;
				CLANG_WARN_ENUM_CONVERSION = YES;
				CLANG_WARN_INFINITE_RECURSION = YES;
				CLANG_WARN_INT_CONVERSION = YES;
				CLANG_WARN_NON_LITERAL_NULL_CONVERSION = YES;
				CLANG_WARN_OBJC_LITERAL_CONVERSION = YES;
				CLANG_WARN_OBJC_ROOT_CLASS = YES_ERROR;
				CLANG_WARN_RANGE_LOOP_ANALYSIS = YES;
				CLANG_WARN_STRICT_PROTOTYPES = YES;
				CLANG_WARN_SUSPICIOUS_MOVE = YES;
				CLANG_WARN_UNGUARDED_AVAILABILITY = YES_AGGRESSIVE;
				CLANG_WARN_UNREACHABLE_CODE = YES;
				CLANG_WARN__DUPLICATE_METHOD_MATCH = YES;
				CODE_SIGN_IDENTITY = "iPhone Developer";
				COPY_PHASE_STRIP = NO;
				DEBUG_INFORMATION_FORMAT = dwarf;
				ENABLE_STRICT_OBJC_MSGSEND = YES;
				ENABLE_TESTABILITY = YES;
				GCC_C_LANGUAGE_STANDARD = gnu11;
				GCC_DYNAMIC_NO_PIC = NO;
				GCC_NO_COMMON_BLOCKS = YES;
				GCC_OPTIMIZATION_LEVEL = 0;
				GCC_PREPROCESSOR_DEFINITIONS = (
					"DEBUG=1",
					"$(inherited)",
				);
				GCC_WARN_64_TO_32_BIT_CONVERSION = YES;
				GCC_WARN_ABOUT_RETURN_TYPE = YES_ERROR;
				GCC_WARN_UNDECLARED_SELECTOR = YES;
				GCC_WARN_UNINITIALIZED_AUTOS = YES_AGGRESSIVE;
				GCC_WARN_UNUSED_FUNCTION = YES;
				GCC_WARN_UNUSED_VARIABLE = YES;
				IPHONEOS_DEPLOYMENT_TARGET = 11.2;
				MTL_ENABLE_DEBUG_INFO = YES;
				ONLY_ACTIVE_ARCH = YES;
				SDKROOT = iphoneos;
				SWIFT_ACTIVE_COMPILATION_CONDITIONS = DEBUG;
				SWIFT_OPTIMIZATION_LEVEL = "-Onone";
			};
			name = Debug;
		};
		5BC909F5204B39E800B6742A /* Release */ = {
			isa = XCBuildConfiguration;
			buildSettings = {
				ALWAYS_SEARCH_USER_PATHS = NO;
				CLANG_ANALYZER_NONNULL = YES;
				CLANG_ANALYZER_NUMBER_OBJECT_CONVERSION = YES_AGGRESSIVE;
				CLANG_CXX_LANGUAGE_STANDARD = "gnu++14";
				CLANG_CXX_LIBRARY = "libc++";
				CLANG_ENABLE_MODULES = YES;
				CLANG_ENABLE_OBJC_ARC = YES;
				CLANG_WARN_BLOCK_CAPTURE_AUTORELEASING = YES;
				CLANG_WARN_BOOL_CONVERSION = YES;
				CLANG_WARN_COMMA = YES;
				CLANG_WARN_CONSTANT_CONVERSION = YES;
				CLANG_WARN_DIRECT_OBJC_ISA_USAGE = YES_ERROR;
				CLANG_WARN_DOCUMENTATION_COMMENTS = YES;
				CLANG_WARN_EMPTY_BODY = YES;
				CLANG_WARN_ENUM_CONVERSION = YES;
				CLANG_WARN_INFINITE_RECURSION = YES;
				CLANG_WARN_INT_CONVERSION = YES;
				CLANG_WARN_NON_LITERAL_NULL_CONVERSION = YES;
				CLANG_WARN_OBJC_LITERAL_CONVERSION = YES;
				CLANG_WARN_OBJC_ROOT_CLASS = YES_ERROR;
				CLANG_WARN_RANGE_LOOP_ANALYSIS = YES;
				CLANG_WARN_STRICT_PROTOTYPES = YES;
				CLANG_WARN_SUSPICIOUS_MOVE = YES;
				CLANG_WARN_UNGUARDED_AVAILABILITY = YES_AGGRESSIVE;
				CLANG_WARN_UNREACHABLE_CODE = YES;
				CLANG_WARN__DUPLICATE_METHOD_MATCH = YES;
				CODE_SIGN_IDENTITY = "iPhone Developer";
				COPY_PHASE_STRIP = NO;
				DEBUG_INFORMATION_FORMAT = "dwarf-with-dsym";
				ENABLE_NS_ASSERTIONS = NO;
				ENABLE_STRICT_OBJC_MSGSEND = YES;
				GCC_C_LANGUAGE_STANDARD = gnu11;
				GCC_NO_COMMON_BLOCKS = YES;
				GCC_WARN_64_TO_32_BIT_CONVERSION = YES;
				GCC_WARN_ABOUT_RETURN_TYPE = YES_ERROR;
				GCC_WARN_UNDECLARED_SELECTOR = YES;
				GCC_WARN_UNINITIALIZED_AUTOS = YES_AGGRESSIVE;
				GCC_WARN_UNUSED_FUNCTION = YES;
				GCC_WARN_UNUSED_VARIABLE = YES;
				IPHONEOS_DEPLOYMENT_TARGET = 11.2;
				MTL_ENABLE_DEBUG_INFO = NO;
				SDKROOT = iphoneos;
				SWIFT_OPTIMIZATION_LEVEL = "-Owholemodule";
				VALIDATE_PRODUCT = YES;
			};
			name = Release;
		};
		5BC909F7204B39E800B6742A /* Debug */ = {
			isa = XCBuildConfiguration;
			baseConfigurationReference = D415E5B01AFB506829E2DD41 /* Pods-SignIn.debug.xcconfig */;
			buildSettings = {
				ASSETCATALOG_COMPILER_APPICON_NAME = AppIcon;
				CODE_SIGN_STYLE = Automatic;
				DEVELOPMENT_TEAM = 9596FLHWUS;
				INFOPLIST_FILE = SignIn/Info.plist;
				LD_RUNPATH_SEARCH_PATHS = "$(inherited) @executable_path/Frameworks";
				PRODUCT_BUNDLE_IDENTIFIER = kzakharc.SignIn;
				PRODUCT_NAME = "$(TARGET_NAME)";
				SWIFT_VERSION = 4.0;
				TARGETED_DEVICE_FAMILY = "1,2";
			};
			name = Debug;
		};
		5BC909F8204B39E800B6742A /* Release */ = {
			isa = XCBuildConfiguration;
			baseConfigurationReference = 30B2B5C26EEE1BAC952C33DD /* Pods-SignIn.release.xcconfig */;
			buildSettings = {
				ASSETCATALOG_COMPILER_APPICON_NAME = AppIcon;
				CODE_SIGN_STYLE = Automatic;
				DEVELOPMENT_TEAM = 9596FLHWUS;
				INFOPLIST_FILE = SignIn/Info.plist;
				LD_RUNPATH_SEARCH_PATHS = "$(inherited) @executable_path/Frameworks";
				PRODUCT_BUNDLE_IDENTIFIER = kzakharc.SignIn;
				PRODUCT_NAME = "$(TARGET_NAME)";
				SWIFT_VERSION = 4.0;
				TARGETED_DEVICE_FAMILY = "1,2";
			};
			name = Release;
		};
/* End XCBuildConfiguration section */

/* Begin XCConfigurationList section */
		5BC909DF204B39E800B6742A /* Build configuration list for PBXProject "SignIn" */ = {
			isa = XCConfigurationList;
			buildConfigurations = (
				5BC909F4204B39E800B6742A /* Debug */,
				5BC909F5204B39E800B6742A /* Release */,
			);
			defaultConfigurationIsVisible = 0;
			defaultConfigurationName = Release;
		};
		5BC909F6204B39E800B6742A /* Build configuration list for PBXNativeTarget "SignIn" */ = {
			isa = XCConfigurationList;
			buildConfigurations = (
				5BC909F7204B39E800B6742A /* Debug */,
				5BC909F8204B39E800B6742A /* Release */,
			);
			defaultConfigurationIsVisible = 0;
			defaultConfigurationName = Release;
		};
/* End XCConfigurationList section */
	};
	rootObject = 5BC909DC204B39E800B6742A /* Project object */;
}
